
Microsoft Visual Studio Solution File, Format Version 12.00
# Visual Studio Version 17
VisualStudioVersion = 17.8.34408.163
MinimumVisualStudioVersion = 10.0.40219.1
Project("{FAE04EC0-301F-11D3-BF4B-00C04F79EFBC}") = "API", "API\API.csproj", "{94C2E410-0623-4A6B-A435-EAAAA8EE2896}"
EndProject
Project("{FAE04EC0-301F-11D3-BF4B-00C04F79EFBC}") = "Entities", "Entities\Entities.csproj", "{B7471A96-E1BE-4F42-BB10-4C3BCB61A6F9}"
EndProject
Project("{FAE04EC0-301F-11D3-BF4B-00C04F79EFBC}") = "Data", "Data\Data.csproj", "{D0E0F0C3-A199-4652-8EC9-9D1EE31B766F}"
EndProject
Project("{FAE04EC0-301F-11D3-BF4B-00C04F79EFBC}") = "Core", "Core\Core.csproj", "{56F41867-0DA6-4817-88D4-675EC6FBA750}"
EndProject
Global
	GlobalSection(SolutionConfigurationPlatforms) = preSolution
		Debug|Any CPU = Debug|Any CPU
		Release|Any CPU = Release|Any CPU
	EndGlobalSection
	GlobalSection(ProjectConfigurationPlatforms) = postSolution
		{94C2E410-0623-4A6B-A435-EAAAA8EE2896}.Debug|Any CPU.ActiveCfg = Debug|Any CPU
		{94C2E410-0623-4A6B-A435-EAAAA8EE2896}.Debug|Any CPU.Build.0 = Debug|Any CPU
		{94C2E410-0623-4A6B-A435-EAAAA8EE2896}.Release|Any CPU.ActiveCfg = Release|Any CPU
		{94C2E410-0623-4A6B-A435-EAAAA8EE2896}.Release|Any CPU.Build.0 = Release|Any CPU
		{B7471A96-E1BE-4F42-BB10-4C3BCB61A6F9}.Debug|Any CPU.ActiveCfg = Debug|Any CPU
		{B7471A96-E1BE-4F42-BB10-4C3BCB61A6F9}.Debug|Any CPU.Build.0 = Debug|Any CPU
		{B7471A96-E1BE-4F42-BB10-4C3BCB61A6F9}.Release|Any CPU.ActiveCfg = Release|Any CPU
		{B7471A96-E1BE-4F42-BB10-4C3BCB61A6F9}.Release|Any CPU.Build.0 = Release|Any CPU
		{D0E0F0C3-A199-4652-8EC9-9D1EE31B766F}.Debug|Any CPU.ActiveCfg = Debug|Any CPU
		{D0E0F0C3-A199-4652-8EC9-9D1EE31B766F}.Debug|Any CPU.Build.0 = Debug|Any CPU
		{D0E0F0C3-A199-4652-8EC9-9D1EE31B766F}.Release|Any CPU.ActiveCfg = Release|Any CPU
		{D0E0F0C3-A199-4652-8EC9-9D1EE31B766F}.Release|Any CPU.Build.0 = Release|Any CPU
		{56F41867-0DA6-4817-88D4-675EC6FBA750}.Debug|Any CPU.ActiveCfg = Debug|Any CPU
		{56F41867-0DA6-4817-88D4-675EC6FBA750}.Debug|Any CPU.Build.0 = Debug|Any CPU
		{56F41867-0DA6-4817-88D4-675EC6FBA750}.Release|Any CPU.ActiveCfg = Release|Any CPU
		{56F41867-0DA6-4817-88D4-675EC6FBA750}.Release|Any CPU.Build.0 = Release|Any CPU
	EndGlobalSection
	GlobalSection(SolutionProperties) = preSolution
		HideSolutionNode = FALSE
	EndGlobalSection
	GlobalSection(ExtensibilityGlobals) = postSolution
		SolutionGuid = {1C9E98A8-4E6B-44CC-BD1E-760999265678}
	EndGlobalSection
EndGlobal
